// !$*UTF8*$!
{
	archiveVersion = 1;
	classes = {
	};
	objectVersion = 77;
	objects = {

/* Begin PBXBuildFile section */
		2E83B7E02D115BA700338C4C /* Auth in Frameworks */ = {isa = PBXBuildFile; productRef = 2E83B7DF2D115BA700338C4C /* Auth */; };
		2E83B7E22D115BA700338C4C /* Functions in Frameworks */ = {isa = PBXBuildFile; productRef = 2E83B7E12D115BA700338C4C /* Functions */; };
		2E83B7E42D115BA700338C4C /* PostgREST in Frameworks */ = {isa = PBXBuildFile; productRef = 2E83B7E32D115BA700338C4C /* PostgREST */; };
		2E83B7E62D115BA700338C4C /* Realtime in Frameworks */ = {isa = PBXBuildFile; productRef = 2E83B7E52D115BA700338C4C /* Realtime */; };
		2E83B7E82D115BA700338C4C /* Storage in Frameworks */ = {isa = PBXBuildFile; productRef = 2E83B7E72D115BA700338C4C /* Storage */; };
		2E83B7EE2D115DC800338C4C /* Supabase in Frameworks */ = {isa = PBXBuildFile; productRef = 2E83B7ED2D115DC800338C4C /* Supabase */; };
/* End PBXBuildFile section */

/* Begin PBXContainerItemProxy section */
		2E83B7C22D115ACD00338C4C /* PBXContainerItemProxy */ = {
			isa = PBXContainerItemProxy;
			containerPortal = 2E83B7A92D115ACA00338C4C /* Project object */;
			proxyType = 1;
			remoteGlobalIDString = 2E83B7B02D115ACA00338C4C;
			remoteInfo = SwiftSup;
		};
		2E83B7CC2D115ACD00338C4C /* PBXContainerItemProxy */ = {
			isa = PBXContainerItemProxy;
			containerPortal = 2E83B7A92D115ACA00338C4C /* Project object */;
			proxyType = 1;
			remoteGlobalIDString = 2E83B7B02D115ACA00338C4C;
			remoteInfo = SwiftSup;
		};
/* End PBXContainerItemProxy section */

/* Begin PBXFileReference section */
		2E83B7B12D115ACA00338C4C /* SwiftSup.app */ = {isa = PBXFileReference; explicitFileType = wrapper.application; includeInIndex = 0; path = SwiftSup.app; sourceTree = BUILT_PRODUCTS_DIR; };
		2E83B7C12D115ACD00338C4C /* SwiftSupTests.xctest */ = {isa = PBXFileReference; explicitFileType = wrapper.cfbundle; includeInIndex = 0; path = SwiftSupTests.xctest; sourceTree = BUILT_PRODUCTS_DIR; };
		2E83B7CB2D115ACD00338C4C /* SwiftSupUITests.xctest */ = {isa = PBXFileReference; explicitFileType = wrapper.cfbundle; includeInIndex = 0; path = SwiftSupUITests.xctest; sourceTree = BUILT_PRODUCTS_DIR; };
/* End PBXFileReference section */

/* Begin PBXFileSystemSynchronizedRootGroup section */
		2E83B7B32D115ACA00338C4C /* SwiftSup */ = {
			isa = PBXFileSystemSynchronizedRootGroup;
			path = SwiftSup;
			sourceTree = "<group>";
		};
		2E83B7C42D115ACD00338C4C /* SwiftSupTests */ = {
			isa = PBXFileSystemSynchronizedRootGroup;
			path = SwiftSupTests;
			sourceTree = "<group>";
		};
		2E83B7CE2D115ACD00338C4C /* SwiftSupUITests */ = {
			isa = PBXFileSystemSynchronizedRootGroup;
			path = SwiftSupUITests;
			sourceTree = "<group>";
		};
/* End PBXFileSystemSynchronizedRootGroup section */

/* Begin PBXFrameworksBuildPhase section */
		2E83B7AE2D115ACA00338C4C /* Frameworks */ = {
			isa = PBXFrameworksBuildPhase;
			buildActionMask = 2147483647;
			files = (
				2E83B7E42D115BA700338C4C /* PostgREST in Frameworks */,
				2E83B7E22D115BA700338C4C /* Functions in Frameworks */,
				2E83B7EE2D115DC800338C4C /* Supabase in Frameworks */,
				2E83B7E02D115BA700338C4C /* Auth in Frameworks */,
				2E83B7E82D115BA700338C4C /* Storage in Frameworks */,
				2E83B7E62D115BA700338C4C /* Realtime in Frameworks */,
			);
			runOnlyForDeploymentPostprocessing = 0;
		};
		2E83B7BE2D115ACD00338C4C /* Frameworks */ = {
			isa = PBXFrameworksBuildPhase;
			buildActionMask = 2147483647;
			files = (
			);
			runOnlyForDeploymentPostprocessing = 0;
		};
		2E83B7C82D115ACD00338C4C /* Frameworks */ = {
			isa = PBXFrameworksBuildPhase;
			buildActionMask = 2147483647;
			files = (
			);
			runOnlyForDeploymentPostprocessing = 0;
		};
/* End PBXFrameworksBuildPhase section */

/* Begin PBXGroup section */
		2E83B7A82D115ACA00338C4C = {
			isa = PBXGroup;
			children = (
				2E83B7B32D115ACA00338C4C /* SwiftSup */,
				2E83B7C42D115ACD00338C4C /* SwiftSupTests */,
				2E83B7CE2D115ACD00338C4C /* SwiftSupUITests */,
				2E83B7EC2D115DC800338C4C /* Frameworks */,
				2E83B7B22D115ACA00338C4C /* Products */,
			);
			sourceTree = "<group>";
		};
		2E83B7B22D115ACA00338C4C /* Products */ = {
			isa = PBXGroup;
			children = (
				2E83B7B12D115ACA00338C4C /* SwiftSup.app */,
				2E83B7C12D115ACD00338C4C /* SwiftSupTests.xctest */,
				2E83B7CB2D115ACD00338C4C /* SwiftSupUITests.xctest */,
			);
			name = Products;
			sourceTree = "<group>";
		};
		2E83B7EC2D115DC800338C4C /* Frameworks */ = {
			isa = PBXGroup;
			children = (
			);
			name = Frameworks;
			sourceTree = "<group>";
		};
/* End PBXGroup section */

/* Begin PBXNativeTarget section */
		2E83B7B02D115ACA00338C4C /* SwiftSup */ = {
			isa = PBXNativeTarget;
			buildConfigurationList = 2E83B7D52D115ACD00338C4C /* Build configuration list for PBXNativeTarget "SwiftSup" */;
			buildPhases = (
				2E83B7AD2D115ACA00338C4C /* Sources */,
				2E83B7AE2D115ACA00338C4C /* Frameworks */,
				2E83B7AF2D115ACA00338C4C /* Resources */,
			);
			buildRules = (
			);
			dependencies = (
			);
			fileSystemSynchronizedGroups = (
				2E83B7B32D115ACA00338C4C /* SwiftSup */,
			);
			name = SwiftSup;
			packageProductDependencies = (
				2E83B7DF2D115BA700338C4C /* Auth */,
				2E83B7E12D115BA700338C4C /* Functions */,
				2E83B7E32D115BA700338C4C /* PostgREST */,
				2E83B7E52D115BA700338C4C /* Realtime */,
				2E83B7E72D115BA700338C4C /* Storage */,
				2E83B7ED2D115DC800338C4C /* Supabase */,
			);
			productName = SwiftSup;
			productReference = 2E83B7B12D115ACA00338C4C /* SwiftSup.app */;
			productType = "com.apple.product-type.application";
		};
		2E83B7C02D115ACD00338C4C /* SwiftSupTests */ = {
			isa = PBXNativeTarget;
			buildConfigurationList = 2E83B7D82D115ACD00338C4C /* Build configuration list for PBXNativeTarget "SwiftSupTests" */;
			buildPhases = (
				2E83B7BD2D115ACD00338C4C /* Sources */,
				2E83B7BE2D115ACD00338C4C /* Frameworks */,
				2E83B7BF2D115ACD00338C4C /* Resources */,
			);
			buildRules = (
			);
			dependencies = (
				2E83B7C32D115ACD00338C4C /* PBXTargetDependency */,
			);
			fileSystemSynchronizedGroups = (
				2E83B7C42D115ACD00338C4C /* SwiftSupTests */,
			);
			name = SwiftSupTests;
			packageProductDependencies = (
			);
			productName = SwiftSupTests;
			productReference = 2E83B7C12D115ACD00338C4C /* SwiftSupTests.xctest */;
			productType = "com.apple.product-type.bundle.unit-test";
		};
		2E83B7CA2D115ACD00338C4C /* SwiftSupUITests */ = {
			isa = PBXNativeTarget;
			buildConfigurationList = 2E83B7DB2D115ACD00338C4C /* Build configuration list for PBXNativeTarget "SwiftSupUITests" */;
			buildPhases = (
				2E83B7C72D115ACD00338C4C /* Sources */,
				2E83B7C82D115ACD00338C4C /* Frameworks */,
				2E83B7C92D115ACD00338C4C /* Resources */,
			);
			buildRules = (
			);
			dependencies = (
				2E83B7CD2D115ACD00338C4C /* PBXTargetDependency */,
			);
			fileSystemSynchronizedGroups = (
				2E83B7CE2D115ACD00338C4C /* SwiftSupUITests */,
			);
			name = SwiftSupUITests;
			packageProductDependencies = (
			);
			productName = SwiftSupUITests;
			productReference = 2E83B7CB2D115ACD00338C4C /* SwiftSupUITests.xctest */;
			productType = "com.apple.product-type.bundle.ui-testing";
		};
/* End PBXNativeTarget section */

/* Begin PBXProject section */
		2E83B7A92D115ACA00338C4C /* Project object */ = {
			isa = PBXProject;
			attributes = {
				BuildIndependentTargetsInParallel = 1;
				LastSwiftUpdateCheck = 1610;
				LastUpgradeCheck = 1610;
				TargetAttributes = {
					2E83B7B02D115ACA00338C4C = {
						CreatedOnToolsVersion = 16.1;
					};
					2E83B7C02D115ACD00338C4C = {
						CreatedOnToolsVersion = 16.1;
						TestTargetID = 2E83B7B02D115ACA00338C4C;
					};
					2E83B7CA2D115ACD00338C4C = {
						CreatedOnToolsVersion = 16.1;
						TestTargetID = 2E83B7B02D115ACA00338C4C;
					};
				};
			};
			buildConfigurationList = 2E83B7AC2D115ACA00338C4C /* Build configuration list for PBXProject "SwiftSup" */;
			developmentRegion = en;
			hasScannedForEncodings = 0;
			knownRegions = (
				en,
				Base,
			);
			mainGroup = 2E83B7A82D115ACA00338C4C;
			minimizedProjectReferenceProxies = 1;
			packageReferences = (
				2E83B7DE2D115BA700338C4C /* XCRemoteSwiftPackageReference "supabase-swift" */,
			);
			preferredProjectObjectVersion = 77;
			productRefGroup = 2E83B7B22D115ACA00338C4C /* Products */;
			projectDirPath = "";
			projectRoot = "";
			targets = (
				2E83B7B02D115ACA00338C4C /* SwiftSup */,
				2E83B7C02D115ACD00338C4C /* SwiftSupTests */,
				2E83B7CA2D115ACD00338C4C /* SwiftSupUITests */,
			);
		};
/* End PBXProject section */

/* Begin PBXResourcesBuildPhase section */
		2E83B7AF2D115ACA00338C4C /* Resources */ = {
			isa = PBXResourcesBuildPhase;
			buildActionMask = 2147483647;
			files = (
			);
			runOnlyForDeploymentPostprocessing = 0;
		};
		2E83B7BF2D115ACD00338C4C /* Resources */ = {
			isa = PBXResourcesBuildPhase;
			buildActionMask = 2147483647;
			files = (
			);
			runOnlyForDeploymentPostprocessing = 0;
		};
		2E83B7C92D115ACD00338C4C /* Resources */ = {
			isa = PBXResourcesBuildPhase;
			buildActionMask = 2147483647;
			files = (
			);
			runOnlyForDeploymentPostprocessing = 0;
		};
/* End PBXResourcesBuildPhase section */

/* Begin PBXSourcesBuildPhase section */
		2E83B7AD2D115ACA00338C4C /* Sources */ = {
			isa = PBXSourcesBuildPhase;
			buildActionMask = 2147483647;
			files = (
			);
			runOnlyForDeploymentPostprocessing = 0;
		};
		2E83B7BD2D115ACD00338C4C /* Sources */ = {
			isa = PBXSourcesBuildPhase;
			buildActionMask = 2147483647;
			files = (
			);
			runOnlyForDeploymentPostprocessing = 0;
		};
		2E83B7C72D115ACD00338C4C /* Sources */ = {
			isa = PBXSourcesBuildPhase;
			buildActionMask = 2147483647;
			files = (
			);
			runOnlyForDeploymentPostprocessing = 0;
		};
/* End PBXSourcesBuildPhase section */

/* Begin PBXTargetDependency section */
		2E83B7C32D115ACD00338C4C /* PBXTargetDependency */ = {
			isa = PBXTargetDependency;
			target = 2E83B7B02D115ACA00338C4C /* SwiftSup */;
			targetProxy = 2E83B7C22D115ACD00338C4C /* PBXContainerItemProxy */;
		};
		2E83B7CD2D115ACD00338C4C /* PBXTargetDependency */ = {
			isa = PBXTargetDependency;
			target = 2E83B7B02D115ACA00338C4C /* SwiftSup */;
			targetProxy = 2E83B7CC2D115ACD00338C4C /* PBXContainerItemProxy */;
		};
/* End PBXTargetDependency section */

/* Begin XCBuildConfiguration section */
		2E83B7D32D115ACD00338C4C /* Debug */ = {
			isa = XCBuildConfiguration;
			buildSettings = {
				ALWAYS_SEARCH_USER_PATHS = NO;
				ASSETCATALOG_COMPILER_GENERATE_SWIFT_ASSET_SYMBOL_EXTENSIONS = YES;
				CLANG_ANALYZER_NONNULL = YES;
				CLANG_ANALYZER_NUMBER_OBJECT_CONVERSION = YES_AGGRESSIVE;
				CLANG_CXX_LANGUAGE_STANDARD = "gnu++20";
				CLANG_ENABLE_MODULES = YES;
				CLANG_ENABLE_OBJC_ARC = YES;
				CLANG_ENABLE_OBJC_WEAK = YES;
				CLANG_WARN_BLOCK_CAPTURE_AUTORELEASING = YES;
				CLANG_WARN_BOOL_CONVERSION = YES;
				CLANG_WARN_COMMA = YES;
				CLANG_WARN_CONSTANT_CONVERSION = YES;
				CLANG_WARN_DEPRECATED_OBJC_IMPLEMENTATIONS = YES;
				CLANG_WARN_DIRECT_OBJC_ISA_USAGE = YES_ERROR;
				CLANG_WARN_DOCUMENTATION_COMMENTS = YES;
				CLANG_WARN_EMPTY_BODY = YES;
				CLANG_WARN_ENUM_CONVERSION = YES;
				CLANG_WARN_INFINITE_RECURSION = YES;
				CLANG_WARN_INT_CONVERSION = YES;
				CLANG_WARN_NON_LITERAL_NULL_CONVERSION = YES;
				CLANG_WARN_OBJC_IMPLICIT_RETAIN_SELF = YES;
				CLANG_WARN_OBJC_LITERAL_CONVERSION = YES;
				CLANG_WARN_OBJC_ROOT_CLASS = YES_ERROR;
				CLANG_WARN_QUOTED_INCLUDE_IN_FRAMEWORK_HEADER = YES;
				CLANG_WARN_RANGE_LOOP_ANALYSIS = YES;
				CLANG_WARN_STRICT_PROTOTYPES = YES;
				CLANG_WARN_SUSPICIOUS_MOVE = YES;
				CLANG_WARN_UNGUARDED_AVAILABILITY = YES_AGGRESSIVE;
				CLANG_WARN_UNREACHABLE_CODE = YES;
				CLANG_WARN__DUPLICATE_METHOD_MATCH = YES;
				COPY_PHASE_STRIP = NO;
				DEBUG_INFORMATION_FORMAT = dwarf;
				ENABLE_STRICT_OBJC_MSGSEND = YES;
				ENABLE_TESTABILITY = YES;
				ENABLE_USER_SCRIPT_SANDBOXING = YES;
				GCC_C_LANGUAGE_STANDARD = gnu17;
				GCC_DYNAMIC_NO_PIC = NO;
				GCC_NO_COMMON_BLOCKS = YES;
				GCC_OPTIMIZATION_LEVEL = 0;
				GCC_PREPROCESSOR_DEFINITIONS = (
					"DEBUG=1",
					"$(inherited)",
				);
				GCC_WARN_64_TO_32_BIT_CONVERSION = YES;
				GCC_WARN_ABOUT_RETURN_TYPE = YES_ERROR;
				GCC_WARN_UNDECLARED_SELECTOR = YES;
				GCC_WARN_UNINITIALIZED_AUTOS = YES_AGGRESSIVE;
				GCC_WARN_UNUSED_FUNCTION = YES;
				GCC_WARN_UNUSED_VARIABLE = YES;
				IPHONEOS_DEPLOYMENT_TARGET = 18.1;
				LOCALIZATION_PREFERS_STRING_CATALOGS = YES;
				MTL_ENABLE_DEBUG_INFO = INCLUDE_SOURCE;
				MTL_FAST_MATH = YES;
				ONLY_ACTIVE_ARCH = YES;
				SDKROOT = iphoneos;
				SWIFT_ACTIVE_COMPILATION_CONDITIONS = "DEBUG $(inherited)";
				SWIFT_OPTIMIZATION_LEVEL = "-Onone";
			};
			name = Debug;
		};
		2E83B7D42D115ACD00338C4C /* Release */ = {
			isa = XCBuildConfiguration;
			buildSettings = {
				ALWAYS_SEARCH_USER_PATHS = NO;
				ASSETCATALOG_COMPILER_GENERATE_SWIFT_ASSET_SYMBOL_EXTENSIONS = YES;
				CLANG_ANALYZER_NONNULL = YES;
				CLANG_ANALYZER_NUMBER_OBJECT_CONVERSION = YES_AGGRESSIVE;
				CLANG_CXX_LANGUAGE_STANDARD = "gnu++20";
				CLANG_ENABLE_MODULES = YES;
				CLANG_ENABLE_OBJC_ARC = YES;
				CLANG_ENABLE_OBJC_WEAK = YES;
				CLANG_WARN_BLOCK_CAPTURE_AUTORELEASING = YES;
				CLANG_WARN_BOOL_CONVERSION = YES;
				CLANG_WARN_COMMA = YES;
				CLANG_WARN_CONSTANT_CONVERSION = YES;
				CLANG_WARN_DEPRECATED_OBJC_IMPLEMENTATIONS = YES;
				CLANG_WARN_DIRECT_OBJC_ISA_USAGE = YES_ERROR;
				CLANG_WARN_DOCUMENTATION_COMMENTS = YES;
				CLANG_WARN_EMPTY_BODY = YES;
				CLANG_WARN_ENUM_CONVERSION = YES;
				CLANG_WARN_INFINITE_RECURSION = YES;
				CLANG_WARN_INT_CONVERSION = YES;
				CLANG_WARN_NON_LITERAL_NULL_CONVERSION = YES;
				CLANG_WARN_OBJC_IMPLICIT_RETAIN_SELF = YES;
				CLANG_WARN_OBJC_LITERAL_CONVERSION = YES;
				CLANG_WARN_OBJC_ROOT_CLASS = YES_ERROR;
				CLANG_WARN_QUOTED_INCLUDE_IN_FRAMEWORK_HEADER = YES;
				CLANG_WARN_RANGE_LOOP_ANALYSIS = YES;
				CLANG_WARN_STRICT_PROTOTYPES = YES;
				CLANG_WARN_SUSPICIOUS_MOVE = YES;
				CLANG_WARN_UNGUARDED_AVAILABILITY = YES_AGGRESSIVE;
				CLANG_WARN_UNREACHABLE_CODE = YES;
				CLANG_WARN__DUPLICATE_METHOD_MATCH = YES;
				COPY_PHASE_STRIP = NO;
				DEBUG_INFORMATION_FORMAT = "dwarf-with-dsym";
				ENABLE_NS_ASSERTIONS = NO;
				ENABLE_STRICT_OBJC_MSGSEND = YES;
				ENABLE_USER_SCRIPT_SANDBOXING = YES;
				GCC_C_LANGUAGE_STANDARD = gnu17;
				GCC_NO_COMMON_BLOCKS = YES;
				GCC_WARN_64_TO_32_BIT_CONVERSION = YES;
				GCC_WARN_ABOUT_RETURN_TYPE = YES_ERROR;
				GCC_WARN_UNDECLARED_SELECTOR = YES;
				GCC_WARN_UNINITIALIZED_AUTOS = YES_AGGRESSIVE;
				GCC_WARN_UNUSED_FUNCTION = YES;
				GCC_WARN_UNUSED_VARIABLE = YES;
				IPHONEOS_DEPLOYMENT_TARGET = 18.1;
				LOCALIZATION_PREFERS_STRING_CATALOGS = YES;
				MTL_ENABLE_DEBUG_INFO = NO;
				MTL_FAST_MATH = YES;
				SDKROOT = iphoneos;
				SWIFT_COMPILATION_MODE = wholemodule;
				VALIDATE_PRODUCT = YES;
			};
			name = Release;
		};
		2E83B7D62D115ACD00338C4C /* Debug */ = {
			isa = XCBuildConfiguration;
			buildSettings = {
				ASSETCATALOG_COMPILER_APPICON_NAME = AppIcon;
				ASSETCATALOG_COMPILER_GLOBAL_ACCENT_COLOR_NAME = AccentColor;
				CODE_SIGN_STYLE = Automatic;
				CURRENT_PROJECT_VERSION = 1;
				DEVELOPMENT_ASSET_PATHS = "\"SwiftSup/Preview Content\"";
				ENABLE_PREVIEWS = YES;
				GENERATE_INFOPLIST_FILE = YES;
				INFOPLIST_KEY_UIApplicationSceneManifest_Generation = YES;
				INFOPLIST_KEY_UIApplicationSupportsIndirectInputEvents = YES;
				INFOPLIST_KEY_UILaunchScreen_Generation = YES;
				INFOPLIST_KEY_UISupportedInterfaceOrientations_iPad = "UIInterfaceOrientationPortrait UIInterfaceOrientationPortraitUpsideDown UIInterfaceOrientationLandscapeLeft UIInterfaceOrientationLandscapeRight";
				INFOPLIST_KEY_UISupportedInterfaceOrientations_iPhone = "UIInterfaceOrientationPortrait UIInterfaceOrientationLandscapeLeft UIInterfaceOrientationLandscapeRight";
				LD_RUNPATH_SEARCH_PATHS = (
					"$(inherited)",
					"@executable_path/Frameworks",
				);
				MARKETING_VERSION = 1.0;
				PRODUCT_BUNDLE_IDENTIFIER = com.SwiftSup;
				PRODUCT_NAME = "$(TARGET_NAME)";
				SWIFT_EMIT_LOC_STRINGS = YES;
				SWIFT_VERSION = 5.0;
				TARGETED_DEVICE_FAMILY = "1,2";
			};
			name = Debug;
		};
		2E83B7D72D115ACD00338C4C /* Release */ = {
			isa = XCBuildConfiguration;
			buildSettings = {
				ASSETCATALOG_COMPILER_APPICON_NAME = AppIcon;
				ASSETCATALOG_COMPILER_GLOBAL_ACCENT_COLOR_NAME = AccentColor;
				CODE_SIGN_STYLE = Automatic;
				CURRENT_PROJECT_VERSION = 1;
				DEVELOPMENT_ASSET_PATHS = "\"SwiftSup/Preview Content\"";
				ENABLE_PREVIEWS = YES;
				GENERATE_INFOPLIST_FILE = YES;
				INFOPLIST_KEY_UIApplicationSceneManifest_Generation = YES;
				INFOPLIST_KEY_UIApplicationSupportsIndirectInputEvents = YES;
				INFOPLIST_KEY_UILaunchScreen_Generation = YES;
				INFOPLIST_KEY_UISupportedInterfaceOrientations_iPad = "UIInterfaceOrientationPortrait UIInterfaceOrientationPortraitUpsideDown UIInterfaceOrientationLandscapeLeft UIInterfaceOrientationLandscapeRight";
				INFOPLIST_KEY_UISupportedInterfaceOrientations_iPhone = "UIInterfaceOrientationPortrait UIInterfaceOrientationLandscapeLeft UIInterfaceOrientationLandscapeRight";
				LD_RUNPATH_SEARCH_PATHS = (
					"$(inherited)",
					"@executable_path/Frameworks",
				);
				MARKETING_VERSION = 1.0;
				PRODUCT_BUNDLE_IDENTIFIER = com.SwiftSup;
				PRODUCT_NAME = "$(TARGET_NAME)";
				SWIFT_EMIT_LOC_STRINGS = YES;
				SWIFT_VERSION = 5.0;
				TARGETED_DEVICE_FAMILY = "1,2";
			};
			name = Release;
		};
		2E83B7D92D115ACD00338C4C /* Debug */ = {
			isa = XCBuildConfiguration;
			buildSettings = {
				BUNDLE_LOADER = "$(TEST_HOST)";
				CODE_SIGN_STYLE = Automatic;
				CURRENT_PROJECT_VERSION = 1;
				GENERATE_INFOPLIST_FILE = YES;
				IPHONEOS_DEPLOYMENT_TARGET = 18.1;
				MARKETING_VERSION = 1.0;
				PRODUCT_BUNDLE_IDENTIFIER = com.SwiftSupTests;
				PRODUCT_NAME = "$(TARGET_NAME)";
				SWIFT_EMIT_LOC_STRINGS = NO;
				SWIFT_VERSION = 5.0;
				TARGETED_DEVICE_FAMILY = "1,2";
				TEST_HOST = "$(BUILT_PRODUCTS_DIR)/SwiftSup.app/$(BUNDLE_EXECUTABLE_FOLDER_PATH)/SwiftSup";
			};
			name = Debug;
		};
		2E83B7DA2D115ACD00338C4C /* Release */ = {
			isa = XCBuildConfiguration;
			buildSettings = {
				BUNDLE_LOADER = "$(TEST_HOST)";
				CODE_SIGN_STYLE = Automatic;
				CURRENT_PROJECT_VERSION = 1;
				GENERATE_INFOPLIST_FILE = YES;
				IPHONEOS_DEPLOYMENT_TARGET = 18.1;
				MARKETING_VERSION = 1.0;
				PRODUCT_BUNDLE_IDENTIFIER = com.SwiftSupTests;
				PRODUCT_NAME = "$(TARGET_NAME)";
				SWIFT_EMIT_LOC_STRINGS = NO;
				SWIFT_VERSION = 5.0;
				TARGETED_DEVICE_FAMILY = "1,2";
				TEST_HOST = "$(BUILT_PRODUCTS_DIR)/SwiftSup.app/$(BUNDLE_EXECUTABLE_FOLDER_PATH)/SwiftSup";
			};
			name = Release;
		};
		2E83B7DC2D115ACD00338C4C /* Debug */ = {
			isa = XCBuildConfiguration;
			buildSettings = {
				CODE_SIGN_STYLE = Automatic;
				CURRENT_PROJECT_VERSION = 1;
				GENERATE_INFOPLIST_FILE = YES;
				MARKETING_VERSION = 1.0;
				PRODUCT_BUNDLE_IDENTIFIER = com.SwiftSupUITests;
				PRODUCT_NAME = "$(TARGET_NAME)";
				SWIFT_EMIT_LOC_STRINGS = NO;
				SWIFT_VERSION = 5.0;
				TARGETED_DEVICE_FAMILY = "1,2";
				TEST_TARGET_NAME = SwiftSup;
			};
			name = Debug;
		};
		2E83B7DD2D115ACD00338C4C /* Release */ = {
			isa = XCBuildConfiguration;
			buildSettings = {
				CODE_SIGN_STYLE = Automatic;
				CURRENT_PROJECT_VERSION = 1;
				GENERATE_INFOPLIST_FILE = YES;
				MARKETING_VERSION = 1.0;
				PRODUCT_BUNDLE_IDENTIFIER = com.SwiftSupUITests;
				PRODUCT_NAME = "$(TARGET_NAME)";
				SWIFT_EMIT_LOC_STRINGS = NO;
				SWIFT_VERSION = 5.0;
				TARGETED_DEVICE_FAMILY = "1,2";
				TEST_TARGET_NAME = SwiftSup;
			};
			name = Release;
		};
/* End XCBuildConfiguration section */

/* Begin XCConfigurationList section */
		2E83B7AC2D115ACA00338C4C /* Build configuration list for PBXProject "SwiftSup" */ = {
			isa = XCConfigurationList;
			buildConfigurations = (
				2E83B7D32D115ACD00338C4C /* Debug */,
				2E83B7D42D115ACD00338C4C /* Release */,
			);
			defaultConfigurationIsVisible = 0;
			defaultConfigurationName = Release;
		};
		2E83B7D52D115ACD00338C4C /* Build configuration list for PBXNativeTarget "SwiftSup" */ = {
			isa = XCConfigurationList;
			buildConfigurations = (
				2E83B7D62D115ACD00338C4C /* Debug */,
				2E83B7D72D115ACD00338C4C /* Release */,
			);
			defaultConfigurationIsVisible = 0;
			defaultConfigurationName = Release;
		};
		2E83B7D82D115ACD00338C4C /* Build configuration list for PBXNativeTarget "SwiftSupTests" */ = {
			isa = XCConfigurationList;
			buildConfigurations = (
				2E83B7D92D115ACD00338C4C /* Debug */,
				2E83B7DA2D115ACD00338C4C /* Release */,
			);
			defaultConfigurationIsVisible = 0;
			defaultConfigurationName = Release;
		};
		2E83B7DB2D115ACD00338C4C /* Build configuration list for PBXNativeTarget "SwiftSupUITests" */ = {
			isa = XCConfigurationList;
			buildConfigurations = (
				2E83B7DC2D115ACD00338C4C /* Debug */,
				2E83B7DD2D115ACD00338C4C /* Release */,
			);
			defaultConfigurationIsVisible = 0;
			defaultConfigurationName = Release;
		};
/* End XCConfigurationList section */

/* Begin XCRemoteSwiftPackageReference section */
		2E83B7DE2D115BA700338C4C /* XCRemoteSwiftPackageReference "supabase-swift" */ = {
			isa = XCRemoteSwiftPackageReference;
			repositoryURL = "https://github.com/supabase-community/supabase-swift";
			requirement = {
				kind = upToNextMajorVersion;
				minimumVersion = 2.5.1;
			};
		};
/* End XCRemoteSwiftPackageReference section */

/* Begin XCSwiftPackageProductDependency section */
		2E83B7DF2D115BA700338C4C /* Auth */ = {
			isa = XCSwiftPackageProductDependency;
			package = 2E83B7DE2D115BA700338C4C /* XCRemoteSwiftPackageReference "supabase-swift" */;
			productName = Auth;
		};
		2E83B7E12D115BA700338C4C /* Functions */ = {
			isa = XCSwiftPackageProductDependency;
			package = 2E83B7DE2D115BA700338C4C /* XCRemoteSwiftPackageReference "supabase-swift" */;
			productName = Functions;
		};
		2E83B7E32D115BA700338C4C /* PostgREST */ = {
			isa = XCSwiftPackageProductDependency;
			package = 2E83B7DE2D115BA700338C4C /* XCRemoteSwiftPackageReference "supabase-swift" */;
			productName = PostgREST;
		};
		2E83B7E52D115BA700338C4C /* Realtime */ = {
			isa = XCSwiftPackageProductDependency;
			package = 2E83B7DE2D115BA700338C4C /* XCRemoteSwiftPackageReference "supabase-swift" */;
			productName = Realtime;
		};
		2E83B7E72D115BA700338C4C /* Storage */ = {
			isa = XCSwiftPackageProductDependency;
			package = 2E83B7DE2D115BA700338C4C /* XCRemoteSwiftPackageReference "supabase-swift" */;
			productName = Storage;
		};
		2E83B7ED2D115DC800338C4C /* Supabase */ = {
			isa = XCSwiftPackageProductDependency;
			package = 2E83B7DE2D115BA700338C4C /* XCRemoteSwiftPackageReference "supabase-swift" */;
			productName = Supabase;
		};
/* End XCSwiftPackageProductDependency section */
	};
	rootObject = 2E83B7A92D115ACA00338C4C /* Project object */;
}
